
Microsoft Visual Studio Solution File, Format Version 12.00
# Visual Studio Version 17
VisualStudioVersion = 17.2.32505.173
MinimumVisualStudioVersion = 10.0.40219.1
Project("{FAE04EC0-301F-11D3-BF4B-00C04F79EFBC}") = "HW3_GameStrategy", "HW3_GameStrategy\HW3_GameStrategy.csproj", "{572B8EBC-D150-4C20-8D9E-54CF4FEF747A}"
EndProject
Global
	GlobalSection(SolutionConfigurationPlatforms) = preSolution
		Debug|Any CPU = Debug|Any CPU
		Release|Any CPU = Release|Any CPU
	EndGlobalSection
	GlobalSection(ProjectConfigurationPlatforms) = postSolution
		{572B8EBC-D150-4C20-8D9E-54CF4FEF747A}.Debug|Any CPU.ActiveCfg = Debug|Any CPU
		{572B8EBC-D150-4C20-8D9E-54CF4FEF747A}.Debug|Any CPU.Build.0 = Debug|Any CPU
		{572B8EBC-D150-4C20-8D9E-54CF4FEF747A}.Release|Any CPU.ActiveCfg = Release|Any CPU
		{572B8EBC-D150-4C20-8D9E-54CF4FEF747A}.Release|Any CPU.Build.0 = Release|Any CPU
	EndGlobalSection
	GlobalSection(SolutionProperties) = preSolution
		HideSolutionNode = FALSE
	EndGlobalSection
	GlobalSection(ExtensibilityGlobals) = postSolution
		SolutionGuid = {D8A3038B-2947-43D7-A699-7BF867672283}
	EndGlobalSection
EndGlobal
